version = 1
revision = 3
requires-python = ">=3.14"

[[package]]
name = "click"
version = "8.3.1"
source = { registry = "https://pypi.org/simple" }
dependencies = [
    { name = "colorama", marker = "sys_platform == 'win32'" },
]
sdist = { url = "https://files.pythonhosted.org/packages/3d/fa/656b739db8587d7b5dfa22e22ed02566950fbfbcdc20311993483657a5c0/click-8.3.1.tar.gz", hash = "sha256:12ff4785d337a1bb490bb7e9c2b1ee5da3112e94a8622f26a6c77f5d2fc6842a", size = 295065, upload-time = "2025-11-15T20:45:42.706Z" }
wheels = [
    { url = "https://files.pythonhosted.org/packages/98/78/01c019cdb5d6498122777c1a43056ebb3ebfeef2076d9d026bfe15583b2b/click-8.3.1-py3-none-any.whl", hash = "sha256:981153a64e25f12d547d3426c367a4857371575ee7ad18df2a6183ab0545b2a6", size = 108274, upload-time = "2025-11-15T20:45:41.139Z" },
]

[[package]]
name = "colorama"
version = "0.4.6"
source = { registry = "https://pypi.org/simple" }
sdist = { url = "https://files.pythonhosted.org/packages/d8/53/6f443c9a4a8358a93a6792e2acffb9d9d5cb0a5cfd8802644b7b1c9a02e4/colorama-0.4.6.tar.gz", hash = "sha256:08695f5cb7ed6e0531a20572697297273c47b8cae5a63ffc6d6ed5c201be6e44", size = 27697, upload-time = "2022-10-25T02:36:22.414Z" }
wheels = [
    { url = "https://files.pythonhosted.org/packages/d1/d6/3965ed04c63042e047cb6a3e6ed1a63a35087b6a609aa3a15ed8ac56c221/colorama-0.4.6-py2.py3-none-any.whl", hash = "sha256:4f1d9991f5acc0ca119f9d443620b77f9d6b33703e51011c16baf57afb285fc6", size = 25335, upload-time = "2022-10-25T02:36:20.889Z" },
]

[[package]]
name = "grimp"
version = "3.14"
source = { registry = "https://pypi.org/simple" }
dependencies = [
    { name = "typing-extensions" },
]
sdist = { url = "https://files.pythonhosted.org/packages/63/46/79764cfb61a3ac80dadae5d94fb10acdb7800e31fecf4113cf3d345e4952/grimp-3.14.tar.gz", hash = "sha256:645fbd835983901042dae4e1b24fde3a89bf7ac152f9272dd17a97e55cb4f871", size = 830882, upload-time = "2025-12-10T17:55:01.287Z" }
wheels = [
    { url = "https://files.pythonhosted.org/packages/c6/5f/ee02a3a1237282d324f596a50923bf9d2cb1b1230ef2fef49fb4d3563c2c/grimp-3.14-cp314-cp314-macosx_10_12_x86_64.whl", hash = "sha256:3ccf03e65864d6bc7bf1c003c319f5330a7627b3677f31143f11691a088464c2", size = 2177150, upload-time = "2025-12-10T17:53:46.145Z" },
    { url = "https://files.pythonhosted.org/packages/f2/64/2a92889e5fc78e8ef5c548e6a5c6fed78b817eeb0253aca586c28108393a/grimp-3.14-cp314-cp314-macosx_11_0_arm64.whl", hash = "sha256:9ecd58fa58a270e7523f8bec9e6452f4fdb9c21e4cd370640829f1e43fa87a69", size = 2109280, upload-time = "2025-12-10T17:53:23.345Z" },
    { url = "https://files.pythonhosted.org/packages/69/02/5d0b9ab54821e7fbdeb02f3919fa2cb8b9f0c3869fa6e4b969a5766f0ffa/grimp-3.14-cp314-cp314-manylinux_2_17_aarch64.manylinux2014_aarch64.whl", hash = "sha256:0d75d1f8f7944978b39b08d870315174f1ffcd5123be6ccff8ce90467ace648a", size = 2283367, upload-time = "2025-12-10T17:52:11.875Z" },
    { url = "https://files.pythonhosted.org/packages/c2/96/a77c40c92faf7500f42ac019ab8de108b04ffe3db8ec8d6f90416d2322ce/grimp-3.14-cp314-cp314-manylinux_2_17_armv7l.manylinux2014_armv7l.whl", hash = "sha256:6f70bbb1dd6055d08d29e39a78a11c4118c1778b39d17cd8271e18e213524ca7", size = 2237125, upload-time = "2025-12-10T17:52:24.606Z" },
    { url = "https://files.pythonhosted.org/packages/6a/5e/3e1483721c83057bff921cf454dd5ff3e661ae1d2e63150a380382d116c2/grimp-3.14-cp314-cp314-manylinux_2_17_i686.manylinux2014_i686.whl", hash = "sha256:0f21b7c003626c902669dc26ede83a91220cf0a81b51b27128370998c2f247b4", size = 2391735, upload-time = "2025-12-10T17:53:05.619Z" },
    { url = "https://files.pythonhosted.org/packages/d0/cb/25fad4a174fe672d42f3e5616761a8120a3b03c8e9e2ae3f31159561968a/grimp-3.14-cp314-cp314-manylinux_2_17_ppc64le.manylinux2014_ppc64le.whl", hash = "sha256:80d9f056415c936b45561310296374c4319b5df0003da802c84d2830a103792a", size = 2571388, upload-time = "2025-12-10T17:52:39.337Z" },
    { url = "https://files.pythonhosted.org/packages/29/7e/456df7f6a765ce3f160eb32a0f64ed0c1c3cd39b518555dde02087f9b6e4/grimp-3.14-cp314-cp314-manylinux_2_17_s390x.manylinux2014_s390x.whl", hash = "sha256:0332963cd63a45863775d4237e59dedf95455e0a1ea50c356be23100c5fc1d7c", size = 2359637, upload-time = "2025-12-10T17:52:53.341Z" },
    { url = "https://files.pythonhosted.org/packages/7c/98/3e5005ef21a4e2243f0da489aba86aaaff0bc11d5240d67113482cba88e0/grimp-3.14-cp314-cp314-manylinux_2_17_x86_64.manylinux2014_x86_64.whl", hash = "sha256:7f4144350d074f2058fe7c89230a26b34296b161f085b0471a692cb2fe27036f", size = 2308335, upload-time = "2025-12-10T17:53:13.893Z" },
    { url = "https://files.pythonhosted.org/packages/8a/03/4e055f756946d6f71ab7e9d1f8536a9e476777093dd7a050f40412d1a2b1/grimp-3.14-cp314-cp314-musllinux_1_2_aarch64.whl", hash = "sha256:e148e67975e92f90a8435b1b4c02180b9a3f3d725b7a188ba63793f1b1e445a0", size = 2463680, upload-time = "2025-12-10T17:53:55.507Z" },
    { url = "https://files.pythonhosted.org/packages/26/b9/3c76b7c2e1587e4303a6eff6587c2117c3a7efe1b100cd13d8a4a5613572/grimp-3.14-cp314-cp314-musllinux_1_2_armv7l.whl", hash = "sha256:1093f7770cb5f3ca6f99fb152f9c949381cc0b078dfdfe598c8ab99abaccda3b", size = 2502808, upload-time = "2025-12-10T17:54:25.383Z" },
    { url = "https://files.pythonhosted.org/packages/20/80/ada10b85ad3125ebedea10256d9c568b6bf28339d2f79d2d196a7b94f633/grimp-3.14-cp314-cp314-musllinux_1_2_i686.whl", hash = "sha256:a213f45ec69e9c2b28ffd3ba5ab12cc9859da17083ba4dc39317f2083b618111", size = 2504013, upload-time = "2025-12-10T17:54:39.762Z" },
    { url = "https://files.pythonhosted.org/packages/05/45/7c369f749d50b0ceac23cd6874ca4695cc1359a96091c7010301e5c8b619/grimp-3.14-cp314-cp314-musllinux_1_2_x86_64.whl", hash = "sha256:5f003ac3f226d2437a49af0b6036f26edba57f8a32d329275dbde1b2b2a00a56", size = 2515043, upload-time = "2025-12-10T17:54:54.437Z" },
    { url = "https://files.pythonhosted.org/packages/5c/32/85135fe83826ce11ae56a340d32a1391b91eed94d25ce7bc318019f735de/grimp-3.14-cp314-cp314-win32.whl", hash = "sha256:eec81be65a18f4b2af014b1e97296cc9ee20d1115529bf70dd7e06f457eac30b", size = 1877509, upload-time = "2025-12-10T17:55:17.062Z" },
    { url = "https://files.pythonhosted.org/packages/db/61/e4a2234edecb3bb3cff8963bc4ec5cc482a9e3c54f8df0946d7d90003830/grimp-3.14-cp314-cp314-win_amd64.whl", hash = "sha256:cd3bab6164f1d5e313678f0ab4bf45955afe7f5bdb0f2f481014aa9cca7e81ba", size = 2014364, upload-time = "2025-12-10T17:55:08.896Z" },
    { url = "https://files.pythonhosted.org/packages/16/be/3d304443fbf1df4d60c09668846d0c8a605c6c95646226e41d8f5c3254da/grimp-3.14-cp314-cp314t-manylinux_2_17_aarch64.manylinux2014_aarch64.whl", hash = "sha256:5b1df33de479be4d620f69633d1876858a8e64a79c07907d47cf3aaf896af057", size = 2281385, upload-time = "2025-12-10T17:52:13.668Z" },
    { url = "https://files.pythonhosted.org/packages/fe/13/493e2648dbb83b3fc517ee675e464beb0154551d726053c7982a3138c6a8/grimp-3.14-cp314-cp314t-manylinux_2_17_armv7l.manylinux2014_armv7l.whl", hash = "sha256:07096d4402e9d5a2c59c402ea3d601f4b7f99025f5e32f077468846fc8d3821b", size = 2231470, upload-time = "2025-12-10T17:52:26.104Z" },
    { url = "https://files.pythonhosted.org/packages/80/84/e772b302385a6b7ec752c88f84ffe35c33d14076245ae27a635aed9c63a2/grimp-3.14-cp314-cp314t-manylinux_2_17_ppc64le.manylinux2014_ppc64le.whl", hash = "sha256:712bc28f46b354316af50c469c77953ba3d6cb4166a62b8fb086436a8b05d301", size = 2571579, upload-time = "2025-12-10T17:52:40.889Z" },
    { url = "https://files.pythonhosted.org/packages/69/92/5b23aa7b89c5f4f2cfa636cbeaf33e784378a6b0a823d77a3448670dfacc/grimp-3.14-cp314-cp314t-manylinux_2_17_s390x.manylinux2014_s390x.whl", hash = "sha256:abe2bbef1cf8e27df636c02f60184319f138dee4f3a949405c21a4b491980397", size = 2356545, upload-time = "2025-12-10T17:52:54.887Z" },
    { url = "https://files.pythonhosted.org/packages/15/af/bcf2116f4b1c3939ab35f9cdddd9ca59e953e57e9a0ac0c143deaf9f29cc/grimp-3.14-cp314-cp314t-musllinux_1_2_aarch64.whl", hash = "sha256:2f9ae3fabb7a7a8468ddc96acc84ecabd84f168e7ca508ee94d8f32ea9bd5de2", size = 2461022, upload-time = "2025-12-10T17:53:56.923Z" },
    { url = "https://files.pythonhosted.org/packages/81/ce/1a076dce6bc22bca4b9ad5d1bbcd7e1023dcf7bf20ea9404c6462d78f049/grimp-3.14-cp314-cp314t-musllinux_1_2_armv7l.whl", hash = "sha256:efaf11ea73f7f12d847c54a5d6edcbe919e0369dce2d1aabae6c50792e16f816", size = 2498256, upload-time = "2025-12-10T17:54:27.214Z" },
    { url = "https://files.pythonhosted.org/packages/45/ea/ac735bed202c1c5c019e611b92d3861779e0cfbe2d20fdb0dec94266d248/grimp-3.14-cp314-cp314t-musllinux_1_2_i686.whl", hash = "sha256:e089c9ab8aa755ff5af88c55891727783b4eb6b228e7bdf278e17209d954aa1e", size = 2502056, upload-time = "2025-12-10T17:54:41.537Z" },
    { url = "https://files.pythonhosted.org/packages/80/8f/774ce522de6a7e70fbeceeaeb6fbe502f5dfb8365728fb3bb4cb23463da8/grimp-3.14-cp314-cp314t-musllinux_1_2_x86_64.whl", hash = "sha256:a424ad14d5deb56721ac24ab939747f72ab3d378d42e7d1f038317d33b052b77", size = 2515157, upload-time = "2025-12-10T17:54:55.874Z" },
]

[[package]]
name = "import-linter"
version = "2.11"
source = { registry = "https://pypi.org/simple" }
dependencies = [
    { name = "click" },
    { name = "grimp" },
    { name = "rich" },
    { name = "typing-extensions" },
]
sdist = { url = "https://files.pythonhosted.org/packages/ba/66/55b697a17bb15c6cb88d97d73716813f5427281527b90f02cc0a600abc6e/import_linter-2.11.tar.gz", hash = "sha256:5abc3394797a54f9bae315e7242dc98715ba485f840ac38c6d3192c370d0085e", size = 1153682, upload-time = "2026-03-06T12:11:38.198Z" }
wheels = [
    { url = "https://files.pythonhosted.org/packages/e9/aa/2ed2c89543632ded7196e0d93dcc6c7fe87769e88391a648c4a298ea864a/import_linter-2.11-py3-none-any.whl", hash = "sha256:3dc54cae933bae3430358c30989762b721c77aa99d424f56a08265be0eeaa465", size = 637315, upload-time = "2026-03-06T12:11:36.599Z" },
]

[[package]]
name = "markdown-it-py"
version = "4.0.0"
source = { registry = "https://pypi.org/simple" }
dependencies = [
    { name = "mdurl" },
]
sdist = { url = "https://files.pythonhosted.org/packages/5b/f5/4ec618ed16cc4f8fb3b701563655a69816155e79e24a17b651541804721d/markdown_it_py-4.0.0.tar.gz", hash = "sha256:cb0a2b4aa34f932c007117b194e945bd74e0ec24133ceb5bac59009cda1cb9f3", size = 73070, upload-time = "2025-08-11T12:57:52.854Z" }
wheels = [
    { url = "https://files.pythonhosted.org/packages/94/54/e7d793b573f298e1c9013b8c4dade17d481164aa517d1d7148619c2cedbf/markdown_it_py-4.0.0-py3-none-any.whl", hash = "sha256:87327c59b172c5011896038353a81343b6754500a08cd7a4973bb48c6d578147", size = 87321, upload-time = "2025-08-11T12:57:51.923Z" },
]

[[package]]
name = "mdurl"
version = "0.1.2"
source = { registry = "https://pypi.org/simple" }
sdist = { url = "https://files.pythonhosted.org/packages/d6/54/cfe61301667036ec958cb99bd3efefba235e65cdeb9c84d24a8293ba1d90/mdurl-0.1.2.tar.gz", hash = "sha256:bb413d29f5eea38f31dd4754dd7377d4465116fb207585f97bf925588687c1ba", size = 8729, upload-time = "2022-08-14T12:40:10.846Z" }
wheels = [
    { url = "https://files.pythonhosted.org/packages/b3/38/89ba8ad64ae25be8de66a6d463314cf1eb366222074cfda9ee839c56a4b4/mdurl-0.1.2-py3-none-any.whl", hash = "sha256:84008a41e51615a49fc9966191ff91509e3c40b939176e643fd50a5c2196b8f8", size = 9979, upload-time = "2022-08-14T12:40:09.779Z" },
]

[[package]]
name = "pygments"
version = "2.19.2"
source = { registry = "https://pypi.org/simple" }
sdist = { url = "https://files.pythonhosted.org/packages/b0/77/a5b8c569bf593b0140bde72ea885a803b82086995367bf2037de0159d924/pygments-2.19.2.tar.gz", hash = "sha256:636cb2477cec7f8952536970bc533bc43743542f70392ae026374600add5b887", size = 4968631, upload-time = "2025-06-21T13:39:12.283Z" }
wheels = [
    { url = "https://files.pythonhosted.org/packages/c7/21/705964c7812476f378728bdf590ca4b771ec72385c533964653c68e86bdc/pygments-2.19.2-py3-none-any.whl", hash = "sha256:86540386c03d588bb81d44bc3928634ff26449851e99741617ecb9037ee5ec0b", size = 1225217, upload-time = "2025-06-21T13:39:07.939Z" },
]

[[package]]
name = "rich"
version = "14.3.3"
source = { registry = "https://pypi.org/simple" }
dependencies = [
    { name = "markdown-it-py" },
    { name = "pygments" },
]
sdist = { url = "https://files.pythonhosted.org/packages/b3/c6/f3b320c27991c46f43ee9d856302c70dc2d0fb2dba4842ff739d5f46b393/rich-14.3.3.tar.gz", hash = "sha256:b8daa0b9e4eef54dd8cf7c86c03713f53241884e814f4e2f5fb342fe520f639b", size = 230582, upload-time = "2026-02-19T17:23:12.474Z" }
wheels = [
    { url = "https://files.pythonhosted.org/packages/14/25/b208c5683343959b670dc001595f2f3737e051da617f66c31f7c4fa93abc/rich-14.3.3-py3-none-any.whl", hash = "sha256:793431c1f8619afa7d3b52b2cdec859562b950ea0d4b6b505397612db8d5362d", size = 310458, upload-time = "2026-02-19T17:23:13.732Z" },
]

[[package]]
name = "ruff"
version = "0.15.5"
source = { registry = "https://pypi.org/simple" }
sdist = { url = "https://files.pythonhosted.org/packages/77/9b/840e0039e65fcf12758adf684d2289024d6140cde9268cc59887dc55189c/ruff-0.15.5.tar.gz", hash = "sha256:7c3601d3b6d76dce18c5c824fc8d06f4eef33d6df0c21ec7799510cde0f159a2", size = 4574214, upload-time = "2026-03-05T20:06:34.946Z" }
wheels = [
    { url = "https://files.pythonhosted.org/packages/47/20/5369c3ce21588c708bcbe517a8fbe1a8dfdb5dfd5137e14790b1da71612c/ruff-0.15.5-py3-none-linux_armv6l.whl", hash = "sha256:4ae44c42281f42e3b06b988e442d344a5b9b72450ff3c892e30d11b29a96a57c", size = 10478185, upload-time = "2026-03-05T20:06:29.093Z" },
    { url = "https://files.pythonhosted.org/packages/44/ed/e81dd668547da281e5dce710cf0bc60193f8d3d43833e8241d006720e42b/ruff-0.15.5-py3-none-macosx_10_12_x86_64.whl", hash = "sha256:6edd3792d408ebcf61adabc01822da687579a1a023f297618ac27a5b51ef0080", size = 10859201, upload-time = "2026-03-05T20:06:32.632Z" },
    { url = "https://files.pythonhosted.org/packages/c4/8f/533075f00aaf19b07c5cd6aa6e5d89424b06b3b3f4583bfa9c640a079059/ruff-0.15.5-py3-none-macosx_11_0_arm64.whl", hash = "sha256:89f463f7c8205a9f8dea9d658d59eff49db05f88f89cc3047fb1a02d9f344010", size = 10184752, upload-time = "2026-03-05T20:06:40.312Z" },
    { url = "https://files.pythonhosted.org/packages/66/0e/ba49e2c3fa0395b3152bad634c7432f7edfc509c133b8f4529053ff024fb/ruff-0.15.5-py3-none-manylinux_2_17_aarch64.manylinux2014_aarch64.whl", hash = "sha256:ba786a8295c6574c1116704cf0b9e6563de3432ac888d8f83685654fe528fd65", size = 10534857, upload-time = "2026-03-05T20:06:19.581Z" },
    { url = "https://files.pythonhosted.org/packages/59/71/39234440f27a226475a0659561adb0d784b4d247dfe7f43ffc12dd02e288/ruff-0.15.5-py3-none-manylinux_2_17_armv7l.manylinux2014_armv7l.whl", hash = "sha256:fd4b801e57955fe9f02b31d20375ab3a5c4415f2e5105b79fb94cf2642c91440", size = 10309120, upload-time = "2026-03-05T20:06:00.435Z" },
    { url = "https://files.pythonhosted.org/packages/f5/87/4140aa86a93df032156982b726f4952aaec4a883bb98cb6ef73c347da253/ruff-0.15.5-py3-none-manylinux_2_17_i686.manylinux2014_i686.whl", hash = "sha256:391f7c73388f3d8c11b794dbbc2959a5b5afe66642c142a6effa90b45f6f5204", size = 11047428, upload-time = "2026-03-05T20:05:51.867Z" },
    { url = "https://files.pythonhosted.org/packages/5a/f7/4953e7e3287676f78fbe85e3a0ca414c5ca81237b7575bdadc00229ac240/ruff-0.15.5-py3-none-manylinux_2_17_ppc64le.manylinux2014_ppc64le.whl", hash = "sha256:8dc18f30302e379fe1e998548b0f5e9f4dff907f52f73ad6da419ea9c19d66c8", size = 11914251, upload-time = "2026-03-05T20:06:22.887Z" },
    { url = "https://files.pythonhosted.org/packages/77/46/0f7c865c10cf896ccf5a939c3e84e1cfaeed608ff5249584799a74d33835/ruff-0.15.5-py3-none-manylinux_2_17_s390x.manylinux2014_s390x.whl", hash = "sha256:1cc6e7f90087e2d27f98dc34ed1b3ab7c8f0d273cc5431415454e22c0bd2a681", size = 11333801, upload-time = "2026-03-05T20:05:57.168Z" },
    { url = "https://files.pythonhosted.org/packages/d3/01/a10fe54b653061585e655f5286c2662ebddb68831ed3eaebfb0eb08c0a16/ruff-0.15.5-py3-none-manylinux_2_17_x86_64.manylinux2014_x86_64.whl", hash = "sha256:c1cb7169f53c1ddb06e71a9aebd7e98fc0fea936b39afb36d8e86d36ecc2636a", size = 11206821, upload-time = "2026-03-05T20:06:03.441Z" },
    { url = "https://files.pythonhosted.org/packages/7a/0d/2132ceaf20c5e8699aa83da2706ecb5c5dcdf78b453f77edca7fb70f8a93/ruff-0.15.5-py3-none-manylinux_2_31_riscv64.whl", hash = "sha256:9b037924500a31ee17389b5c8c4d88874cc6ea8e42f12e9c61a3d754ff72f1ca", size = 11133326, upload-time = "2026-03-05T20:06:25.655Z" },
    { url = "https://files.pythonhosted.org/packages/72/cb/2e5259a7eb2a0f87c08c0fe5bf5825a1e4b90883a52685524596bfc93072/ruff-0.15.5-py3-none-musllinux_1_2_aarch64.whl", hash = "sha256:65bb414e5b4eadd95a8c1e4804f6772bbe8995889f203a01f77ddf2d790929dd", size = 10510820, upload-time = "2026-03-05T20:06:37.79Z" },
    { url = "https://files.pythonhosted.org/packages/ff/20/b67ce78f9e6c59ffbdb5b4503d0090e749b5f2d31b599b554698a80d861c/ruff-0.15.5-py3-none-musllinux_1_2_armv7l.whl", hash = "sha256:d20aa469ae3b57033519c559e9bc9cd9e782842e39be05b50e852c7c981fa01d", size = 10302395, upload-time = "2026-03-05T20:05:54.504Z" },
    { url = "https://files.pythonhosted.org/packages/5f/e5/719f1acccd31b720d477751558ed74e9c88134adcc377e5e886af89d3072/ruff-0.15.5-py3-none-musllinux_1_2_i686.whl", hash = "sha256:15388dd28c9161cdb8eda68993533acc870aa4e646a0a277aa166de9ad5a8752", size = 10754069, upload-time = "2026-03-05T20:06:06.422Z" },
    { url = "https://files.pythonhosted.org/packages/c3/9c/d1db14469e32d98f3ca27079dbd30b7b44dbb5317d06ab36718dee3baf03/ruff-0.15.5-py3-none-musllinux_1_2_x86_64.whl", hash = "sha256:b30da330cbd03bed0c21420b6b953158f60c74c54c5f4c1dabbdf3a57bf355d2", size = 11304315, upload-time = "2026-03-05T20:06:10.867Z" },
    { url = "https://files.pythonhosted.org/packages/28/3a/950367aee7c69027f4f422059227b290ed780366b6aecee5de5039d50fa8/ruff-0.15.5-py3-none-win32.whl", hash = "sha256:732e5ee1f98ba5b3679029989a06ca39a950cced52143a0ea82a2102cb592b74", size = 10551676, upload-time = "2026-03-05T20:06:13.705Z" },
    { url = "https://files.pythonhosted.org/packages/b8/00/bf077a505b4e649bdd3c47ff8ec967735ce2544c8e4a43aba42ee9bf935d/ruff-0.15.5-py3-none-win_amd64.whl", hash = "sha256:821d41c5fa9e19117616c35eaa3f4b75046ec76c65e7ae20a333e9a8696bc7fe", size = 11678972, upload-time = "2026-03-05T20:06:45.379Z" },
    { url = "https://files.pythonhosted.org/packages/fe/4e/cd76eca6db6115604b7626668e891c9dd03330384082e33662fb0f113614/ruff-0.15.5-py3-none-win_arm64.whl", hash = "sha256:b498d1c60d2fe5c10c45ec3f698901065772730b411f164ae270bb6bfcc4740b", size = 10965572, upload-time = "2026-03-05T20:06:16.984Z" },
]

[[package]]
name = "ty"
version = "0.0.12"
source = { registry = "https://pypi.org/simple" }
sdist = { url = "https://files.pythonhosted.org/packages/b5/78/ba1a4ad403c748fbba8be63b7e774a90e80b67192f6443d624c64fe4aaab/ty-0.0.12.tar.gz", hash = "sha256:cd01810e106c3b652a01b8f784dd21741de9fdc47bd595d02c122a7d5cefeee7", size = 4981303, upload-time = "2026-01-14T22:30:48.537Z" }
wheels = [
    { url = "https://files.pythonhosted.org/packages/7d/8f/c21314d074dda5fb13d3300fa6733fd0d8ff23ea83a721818740665b6314/ty-0.0.12-py3-none-linux_armv6l.whl", hash = "sha256:eb9da1e2c68bd754e090eab39ed65edf95168d36cbeb43ff2bd9f86b4edd56d1", size = 9614164, upload-time = "2026-01-14T22:30:44.016Z" },
    { url = "https://files.pythonhosted.org/packages/09/28/f8a4d944d13519d70c486e8f96d6fa95647ac2aa94432e97d5cfec1f42f6/ty-0.0.12-py3-none-macosx_10_12_x86_64.whl", hash = "sha256:c181f42aa19b0ed7f1b0c2d559980b1f1d77cc09419f51c8321c7ddf67758853", size = 9542337, upload-time = "2026-01-14T22:30:05.687Z" },
    { url = "https://files.pythonhosted.org/packages/e1/9c/f576e360441de7a8201daa6dc4ebc362853bc5305e059cceeb02ebdd9a48/ty-0.0.12-py3-none-macosx_11_0_arm64.whl", hash = "sha256:1f829e1eecd39c3e1b032149db7ae6a3284f72fc36b42436e65243a9ed1173db", size = 8909582, upload-time = "2026-01-14T22:30:46.089Z" },
    { url = "https://files.pythonhosted.org/packages/d6/13/0898e494032a5d8af3060733d12929e3e7716db6c75eac63fa125730a3e7/ty-0.0.12-py3-none-manylinux_2_17_aarch64.manylinux2014_aarch64.whl", hash = "sha256:f45162e7826e1789cf3374627883cdeb0d56b82473a0771923e4572928e90be3", size = 9384932, upload-time = "2026-01-14T22:30:13.769Z" },
    { url = "https://files.pythonhosted.org/packages/e4/1a/b35b6c697008a11d4cedfd34d9672db2f0a0621ec80ece109e13fca4dfef/ty-0.0.12-py3-none-manylinux_2_17_armv7l.manylinux2014_armv7l.whl", hash = "sha256:d11fec40b269bec01e751b2337d1c7ffa959a2c2090a950d7e21c2792442cccd", size = 9453140, upload-time = "2026-01-14T22:30:11.131Z" },
    { url = "https://files.pythonhosted.org/packages/dd/1e/71c9edbc79a3c88a0711324458f29c7dbf6c23452c6e760dc25725483064/ty-0.0.12-py3-none-manylinux_2_17_i686.manylinux2014_i686.whl", hash = "sha256:09d99e37e761a4d2651ad9d5a610d11235fbcbf35dc6d4bc04abf54e7cf894f1", size = 9960680, upload-time = "2026-01-14T22:30:33.621Z" },
    { url = "https://files.pythonhosted.org/packages/0e/75/39375129f62dd22f6ad5a99cd2a42fd27d8b91b235ce2db86875cdad397d/ty-0.0.12-py3-none-manylinux_2_17_ppc64.manylinux2014_ppc64.whl", hash = "sha256:d9ca0cdb17bd37397da7b16a7cd23423fc65c3f9691e453ad46c723d121225a1", size = 10904518, upload-time = "2026-01-14T22:30:08.464Z" },
    { url = "https://files.pythonhosted.org/packages/32/5e/26c6d88fafa11a9d31ca9f4d12989f57782ec61e7291d4802d685b5be118/ty-0.0.12-py3-none-manylinux_2_17_ppc64le.manylinux2014_ppc64le.whl", hash = "sha256:fcf2757b905e7eddb7e456140066335b18eb68b634a9f72d6f54a427ab042c64", size = 10525001, upload-time = "2026-01-14T22:30:16.454Z" },
    { url = "https://files.pythonhosted.org/packages/c2/a5/2f0b91894af13187110f9ad7ee926d86e4e6efa755c9c88a820ed7f84c85/ty-0.0.12-py3-none-manylinux_2_17_s390x.manylinux2014_s390x.whl", hash = "sha256:00cf34c1ebe1147efeda3021a1064baa222c18cdac114b7b050bbe42deb4ca80", size = 10307103, upload-time = "2026-01-14T22:30:41.221Z" },
    { url = "https://files.pythonhosted.org/packages/4b/77/13d0410827e4bc713ebb7fdaf6b3590b37dcb1b82e0a81717b65548f2442/ty-0.0.12-py3-none-manylinux_2_17_x86_64.manylinux2014_x86_64.whl", hash = "sha256:2bb3a655bd869352e9a22938d707631ac9fbca1016242b1f6d132d78f347c851", size = 10072737, upload-time = "2026-01-14T22:30:51.783Z" },
    { url = "https://files.pythonhosted.org/packages/e1/dd/fc36d8bac806c74cf04b4ca735bca14d19967ca84d88f31e121767880df1/ty-0.0.12-py3-none-musllinux_1_2_aarch64.whl", hash = "sha256:4658e282c7cb82be304052f8f64f9925f23c3c4f90eeeb32663c74c4b095d7ba", size = 9368726, upload-time = "2026-01-14T22:30:18.683Z" },
    { url = "https://files.pythonhosted.org/packages/54/70/9e8e461647550f83e2fe54bc632ccbdc17a4909644783cdbdd17f7296059/ty-0.0.12-py3-none-musllinux_1_2_armv7l.whl", hash = "sha256:c167d838eaaa06e03bb66a517f75296b643d950fbd93c1d1686a187e5a8dbd1f", size = 9454704, upload-time = "2026-01-14T22:30:22.759Z" },
    { url = "https://files.pythonhosted.org/packages/04/9b/6292cf7c14a0efeca0539cf7d78f453beff0475cb039fbea0eb5d07d343d/ty-0.0.12-py3-none-musllinux_1_2_i686.whl", hash = "sha256:2956e0c9ab7023533b461d8a0e6b2ea7b78e01a8dde0688e8234d0fce10c4c1c", size = 9649829, upload-time = "2026-01-14T22:30:31.234Z" },
    { url = "https://files.pythonhosted.org/packages/49/bd/472a5d2013371e4870886cff791c94abdf0b92d43d305dd0f8e06b6ff719/ty-0.0.12-py3-none-musllinux_1_2_x86_64.whl", hash = "sha256:5c6a3fd7479580009f21002f3828320621d8a82d53b7ba36993234e3ccad58c8", size = 10162814, upload-time = "2026-01-14T22:30:36.174Z" },
    { url = "https://files.pythonhosted.org/packages/31/e9/2ecbe56826759845a7c21d80aa28187865ea62bc9757b056f6cbc06f78ed/ty-0.0.12-py3-none-win32.whl", hash = "sha256:a91c24fd75c0f1796d8ede9083e2c0ec96f106dbda73a09fe3135e075d31f742", size = 9140115, upload-time = "2026-01-14T22:30:38.903Z" },
    { url = "https://files.pythonhosted.org/packages/5d/6d/d9531eff35a5c0ec9dbc10231fac21f9dd6504814048e81d6ce1c84dc566/ty-0.0.12-py3-none-win_amd64.whl", hash = "sha256:df151894be55c22d47068b0f3b484aff9e638761e2267e115d515fcc9c5b4a4b", size = 9884532, upload-time = "2026-01-14T22:30:25.112Z" },
    { url = "https://files.pythonhosted.org/packages/e9/f3/20b49e75967023b123a221134548ad7000f9429f13fdcdda115b4c26305f/ty-0.0.12-py3-none-win_arm64.whl", hash = "sha256:cea99d334b05629de937ce52f43278acf155d3a316ad6a35356635f886be20ea", size = 9313974, upload-time = "2026-01-14T22:30:27.44Z" },
]

[[package]]
name = "typing-extensions"
version = "4.15.0"
source = { registry = "https://pypi.org/simple" }
sdist = { url = "https://files.pythonhosted.org/packages/72/94/1a15dd82efb362ac84269196e94cf00f187f7ed21c242792a923cdb1c61f/typing_extensions-4.15.0.tar.gz", hash = "sha256:0cea48d173cc12fa28ecabc3b837ea3cf6f38c6d1136f85cbaaf598984861466", size = 109391, upload-time = "2025-08-25T13:49:26.313Z" }
wheels = [
    { url = "https://files.pythonhosted.org/packages/18/67/36e9267722cc04a6b9f15c7f3441c2363321a3ea07da7ae0c0707beb2a9c/typing_extensions-4.15.0-py3-none-any.whl", hash = "sha256:f0fa19c6845758ab08074a0cfa8b7aecb71c999ca73d62883bc25cc018c4e548", size = 44614, upload-time = "2025-08-25T13:49:24.86Z" },
]

[[package]]
name = "vanillian"
version = "0.1.0"
source = { editable = "." }

[package.dev-dependencies]
dev = [
    { name = "import-linter" },
    { name = "ruff" },
    { name = "ty" },
]

[package.metadata]

[package.metadata.requires-dev]
dev = [
    { name = "import-linter", specifier = ">=2.11" },
    { name = "ruff", specifier = ">=0.15.5" },
    { name = "ty", specifier = ">=0.0.12" },
]
